{
  "nodes": {
    "extra-container": {
      "inputs": {
        "flake-utils": [
          "nix-ai",
          "flake-utils"
        ],
        "nixpkgs": [
          "nix-ai",
          "nixpkgs"
        ]
      },
      "locked": {
        "lastModified": 1766155727,
        "narHash": "sha256-XGp4HHH6D6ZKiO5RnMzqYJYnZB538EnEflvlTsOKpvo=",
        "owner": "erikarvstedt",
        "repo": "extra-container",
        "rev": "b450bdb24fca1076973c852d87bcb49b8eb5fd49",
        "type": "github"
      },
      "original": {
        "owner": "erikarvstedt",
        "repo": "extra-container",
        "type": "github"
      }
    },
    "flake-utils": {
      "inputs": {
        "systems": "systems"
      },
      "locked": {
        "lastModified": 1731533236,
        "narHash": "sha256-l0KFg5HjrsfsO/JpG+r7fRrqm12kzFHyUHqHCVpMMbI=",
        "owner": "numtide",
        "repo": "flake-utils",
        "rev": "11707dc2f618dd54ca8739b309ec4fc024de578b",
        "type": "github"
      },
      "original": {
        "owner": "numtide",
        "repo": "flake-utils",
        "type": "github"
      }
    },
    "nix-ai": {
      "inputs": {
        "extra-container": "extra-container",
        "flake-utils": "flake-utils",
        "nixpkgs": [
          "nixpkgs"
        ],
        "nixpkgs-overwrites": "nixpkgs-overwrites"
      },
      "locked": {
        "lastModified": 1766964299,
        "narHash": "sha256-X0N090pOtWCA/rbmHxQB7jkD8/E49ILj0qFrjBd4f+A=",
        "ref": "refs/heads/main",
        "rev": "82d288d94e8d03f368730b13ef46b8b55a3b407a",
        "revCount": 97,
        "type": "git",
        "url": "https://git.wavelens.io/public/nix-ai"
      },
      "original": {
        "type": "git",
        "url": "https://git.wavelens.io/public/nix-ai"
      }
    },
    "nixpkgs": {
      "locked": {
        "lastModified": 1766651565,
        "narHash": "sha256-QEhk0eXgyIqTpJ/ehZKg9IKS7EtlWxF3N7DXy42zPfU=",
        "owner": "NixOS",
        "repo": "nixpkgs",
        "rev": "3e2499d5539c16d0d173ba53552a4ff8547f4539",
        "type": "github"
      },
      "original": {
        "owner": "NixOS",
        "ref": "nixos-unstable",
        "repo": "nixpkgs",
        "type": "github"
      }
    },
    "nixpkgs-overwrites": {
      "locked": {
        "lastModified": 1762703341,
        "narHash": "sha256-/DW6OciFwphnq3g5HjCktEngPVnskyWNhUX2LHxDJD0=",
        "owner": "DerDennisOP",
        "repo": "nixpkgs",
        "rev": "4c9c1070abb8eedc949b8c8a516b0303c02707e7",
        "type": "github"
      },
      "original": {
        "owner": "DerDennisOP",
        "ref": "comp",
        "repo": "nixpkgs",
        "type": "github"
      }
    },
    "root": {
      "inputs": {
        "nix-ai": "nix-ai",
        "nixpkgs": "nixpkgs"
      }
    },
    "systems": {
      "locked": {
        "lastModified": 1681028828,
        "narHash": "sha256-Vy1rq5AaRuLzOxct8nz4T6wlgyUR7zLU309k9mBC768=",
        "owner": "nix-systems",
        "repo": "default",
        "rev": "da67096a3b9bf56a91d16901293e51ba5b49a27e",
        "type": "github"
      },
      "original": {
        "owner": "nix-systems",
        "repo": "default",
        "type": "github"
      }
    }
  },
  "root": "root",
  "version": 7
}
